{
  "name": "dhx-grid-package",
  "version": "8.3.12",
  "lockfileVersion": 1,
  "requires": true,
  "dependencies": {
    "@mescius/wijmo": {
      "version": "5.20241.9",
      "resolved": "https://registry.npmjs.org/@mescius/wijmo/-/wijmo-5.20241.9.tgz",
      "integrity": "sha512-UQ+HdHVRovRE8dKK+MOOMdAcB13rBdXRQdjkXiuhmEo2e9OxOZlQ0Gk45wfMy0TUyyii61jSdw4X1BWTgCCbqw==",
      "requires": {
        "@mescius/wijmo.styles": "5.20241.9"
      }
    },
    "@mescius/wijmo.input": {
      "version": "5.20241.9",
      "resolved": "https://registry.npmjs.org/@mescius/wijmo.input/-/wijmo.input-5.20241.9.tgz",
      "integrity": "sha512-s0exyt4CVOZjBPiG7N+cQgQFsxe75u3jtFopfExeS5Gj+r84MzTMJOUt/xVhqDtL3vRvgikbysihLuUxwjNJ1w==",
      "requires": {
        "@mescius/wijmo": "5.20241.9"
      }
    },
    "@mescius/wijmo.styles": {
      "version": "5.20241.9",
      "resolved": "https://registry.npmjs.org/@mescius/wijmo.styles/-/wijmo.styles-5.20241.9.tgz",
      "integrity": "sha512-oZKGD7mSthLB3/xjAWicRDM/mK2ub9Ds+aYHWweZ7/k5kaiDsgTqFl1t0GcKGk9sNTHUUoH3UEv7zXVFc3NqOQ=="
    }
  }
}
